{
  "version": 4,
  "terraform_version": "1.11.1",
  "serial": 5,
  "lineage": "87a72a92-1abe-0e86-ae85-9c2109a59a44",
  "outputs": {
    "service_url": {
      "value": "https://mehak-auto-invoice-mha4s7stfa-el.a.run.app",
      "type": "string"
    }
  },
  "resources": [
    {
      "mode": "managed",
      "type": "google_cloud_run_service",
      "name": "default",
      "provider": "provider[\"registry.terraform.io/hashicorp/google\"]",
      "instances": [
        {
          "schema_version": 1,
          "attributes": {
            "autogenerate_revision_name": true,
            "id": "locations/asia-south1/namespaces/boot41/services/mehak-auto-invoice",
            "location": "asia-south1",
            "metadata": [
              {
                "annotations": {
                  "run.googleapis.com/ingress": "all",
                  "run.googleapis.com/ingress-status": "all",
                  "run.googleapis.com/operation-id": "08b6bb49-0937-4633-b4a8-c8f36beddc88",
                  "run.googleapis.com/urls": "[\"https://mehak-auto-invoice-956506160468.asia-south1.run.app\",\"https://mehak-auto-invoice-mha4s7stfa-el.a.run.app\"]",
                  "serving.knative.dev/creator": "mehak.khanna@think41.com",
                  "serving.knative.dev/lastModifier": "mehak.khanna@think41.com"
                },
                "generation": 2,
                "labels": {
                  "cloud.googleapis.com/location": "asia-south1",
                  "run.googleapis.com/satisfiesPzs": "true"
                },
                "namespace": "boot41",
                "resource_version": "AAYvq6+oMm0",
                "self_link": "/apis/serving.knative.dev/v1/namespaces/956506160468/services/mehak-auto-invoice",
                "uid": "f89fd879-3098-4200-b719-063b773fd76b"
              }
            ],
            "name": "mehak-auto-invoice",
            "project": "boot41",
            "status": [
              {
                "conditions": [
                  {
                    "message": "",
                    "reason": "",
                    "status": "True",
                    "type": "Ready"
                  },
                  {
                    "message": "",
                    "reason": "",
                    "status": "True",
                    "type": "ConfigurationsReady"
                  },
                  {
                    "message": "",
                    "reason": "",
                    "status": "True",
                    "type": "RoutesReady"
                  }
                ],
                "latest_created_revision_name": "mehak-auto-invoice-00002-5xp",
                "latest_ready_revision_name": "mehak-auto-invoice-00002-5xp",
                "observed_generation": 2,
                "traffic": [
                  {
                    "latest_revision": true,
                    "percent": 100,
                    "revision_name": "mehak-auto-invoice-00002-5xp",
                    "tag": "",
                    "url": ""
                  }
                ],
                "url": "https://mehak-auto-invoice-mha4s7stfa-el.a.run.app"
              }
            ],
            "template": [
              {
                "metadata": [
                  {
                    "annotations": {
                      "autoscaling.knative.dev/maxScale": "1",
                      "autoscaling.knative.dev/minScale": "0"
                    },
                    "generation": 0,
                    "labels": {
                      "run.googleapis.com/startupProbeType": "Default"
                    },
                    "name": "",
                    "namespace": "",
                    "resource_version": "",
                    "self_link": "",
                    "uid": ""
                  }
                ],
                "spec": [
                  {
                    "container_concurrency": 80,
                    "containers": [
                      {
                        "args": [],
                        "command": [],
                        "env": [
                          {
                            "name": "ALLOWED_HOSTS",
                            "value": "127.0.0.1",
                            "value_from": []
                          },
                          {
                            "name": "DB_ENGINE",
                            "value": "django.db.backends.sqlite3",
                            "value_from": []
                          },
                          {
                            "name": "DB_NAME",
                            "value": "sample.sqlite3",
                            "value_from": []
                          },
                          {
                            "name": "DEBUG",
                            "value": "false",
                            "value_from": []
                          },
                          {
                            "name": "DJANGO_SECRET_KEY",
                            "value": "your-secret-key-here",
                            "value_from": []
                          },
                          {
                            "name": "GOOGLE_CLIENT_ID",
                            "value": "726611225914-ahgg2o6ub87k9iake8mf8jqgbnu1bg3v.apps.googleusercontent.com",
                            "value_from": []
                          },
                          {
                            "name": "GROQ_API_KEY",
                            "value": "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",
                            "value_from": []
                          },
                          {
                            "name": "JWT_ACCESS_TOKEN_LIFETIME_MINUTES",
                            "value": "100",
                            "value_from": []
                          },
                          {
                            "name": "JWT_REFRESH_TOKEN_LIFETIME_DAYS",
                            "value": "1",
                            "value_from": []
                          },
                          {
                            "name": "LOG_LEVEL",
                            "value": "info",
                            "value_from": []
                          },
                          {
                            "name": "VITE_API_URL",
                            "value": "/api",
                            "value_from": []
                          },
                          {
                            "name": "VITE_ENV",
                            "value": "development",
                            "value_from": []
                          },
                          {
                            "name": "VITE_GOOGLE_CLIENT_ID",
                            "value": "726611225914-ahgg2o6ub87k9iake8mf8jqgbnu1bg3v.apps.googleusercontent.com",
                            "value_from": []
                          }
                        ],
                        "env_from": [],
                        "image": "asia-south1-docker.pkg.dev/boot41/a3/mehak-auto-invoice:latest",
                        "liveness_probe": [],
                        "name": "",
                        "ports": [
                          {
                            "container_port": 8000,
                            "name": "http1",
                            "protocol": ""
                          }
                        ],
                        "resources": [
                          {
                            "limits": {
                              "cpu": "1",
                              "memory": "128Mi"
                            },
                            "requests": {}
                          }
                        ],
                        "startup_probe": [
                          {
                            "failure_threshold": 1,
                            "grpc": [],
                            "http_get": [],
                            "initial_delay_seconds": 0,
                            "period_seconds": 240,
                            "tcp_socket": [
                              {
                                "port": 8000
                              }
                            ],
                            "timeout_seconds": 240
                          }
                        ],
                        "volume_mounts": [],
                        "working_dir": ""
                      }
                    ],
                    "service_account_name": "956506160468-compute@developer.gserviceaccount.com",
                    "serving_state": "",
                    "timeout_seconds": 300,
                    "volumes": []
                  }
                ]
              }
            ],
            "timeouts": null,
            "traffic": [
              {
                "latest_revision": true,
                "percent": 100,
                "revision_name": "",
                "tag": "",
                "url": ""
              }
            ]
          },
          "sensitive_attributes": [],
          "private": "eyJlMmJmYjczMC1lY2FhLTExZTYtOGY4OC0zNDM2M2JjN2M0YzAiOnsiY3JlYXRlIjoxMjAwMDAwMDAwMDAwLCJkZWxldGUiOjEyMDAwMDAwMDAwMDAsInVwZGF0ZSI6MTIwMDAwMDAwMDAwMH0sInNjaGVtYV92ZXJzaW9uIjoiMSJ9"
        }
      ]
    },
    {
      "mode": "managed",
      "type": "google_cloud_run_service_iam_member",
      "name": "public",
      "provider": "provider[\"registry.terraform.io/hashicorp/google\"]",
      "instances": [
        {
          "schema_version": 0,
          "attributes": {
            "condition": [],
            "etag": "BwYvq5kkfXU=",
            "id": "v1/projects/boot41/locations/asia-south1/services/mehak-auto-invoice/roles/run.invoker/allUsers",
            "location": "asia-south1",
            "member": "allUsers",
            "project": "boot41",
            "role": "roles/run.invoker",
            "service": "v1/projects/boot41/locations/asia-south1/services/mehak-auto-invoice"
          },
          "sensitive_attributes": [],
          "private": "bnVsbA==",
          "dependencies": [
            "google_cloud_run_service.default"
          ]
        }
      ]
    }
  ],
  "check_results": null
}
